// !$*UTF8*$!
{
	archiveVersion = 1;
	classes = {
	};
	objectVersion = 50;
	objects = {

/* Begin PBXBuildFile section */
		2A68A7CD22FA5C0A000A6290 /* AppDelegate.swift in Sources */ = {isa = PBXBuildFile; fileRef = 2A68A7CC22FA5C0A000A6290 /* AppDelegate.swift */; };
		2A68A7CF22FA5C0A000A6290 /* ViewController.swift in Sources */ = {isa = PBXBuildFile; fileRef = 2A68A7CE22FA5C0A000A6290 /* ViewController.swift */; };
		2A68A7D222FA5C0A000A6290 /* Main.storyboard in Resources */ = {isa = PBXBuildFile; fileRef = 2A68A7D022FA5C0A000A6290 /* Main.storyboard */; };
		2A68A7D422FA5C0B000A6290 /* Assets.xcassets in Resources */ = {isa = PBXBuildFile; fileRef = 2A68A7D322FA5C0B000A6290 /* Assets.xcassets */; };
		2A68A7D722FA5C0B000A6290 /* LaunchScreen.storyboard in Resources */ = {isa = PBXBuildFile; fileRef = 2A68A7D522FA5C0B000A6290 /* LaunchScreen.storyboard */; };
		2A68A7E222FA5C0B000A6290 /* ch06missionTests.swift in Sources */ = {isa = PBXBuildFile; fileRef = 2A68A7E122FA5C0B000A6290 /* ch06missionTests.swift */; };
		2A68A7ED22FA5C0B000A6290 /* ch06missionUITests.swift in Sources */ = {isa = PBXBuildFile; fileRef = 2A68A7EC22FA5C0B000A6290 /* ch06missionUITests.swift */; };
/* End PBXBuildFile section */

/* Begin PBXContainerItemProxy section */
		2A68A7DE22FA5C0B000A6290 /* PBXContainerItemProxy */ = {
			isa = PBXContainerItemProxy;
			containerPortal = 2A68A7C122FA5C0A000A6290 /* Project object */;
			proxyType = 1;
			remoteGlobalIDString = 2A68A7C822FA5C0A000A6290;
			remoteInfo = ch06mission;
		};
		2A68A7E922FA5C0B000A6290 /* PBXContainerItemProxy */ = {
			isa = PBXContainerItemProxy;
			containerPortal = 2A68A7C122FA5C0A000A6290 /* Project object */;
			proxyType = 1;
			remoteGlobalIDString = 2A68A7C822FA5C0A000A6290;
			remoteInfo = ch06mission;
		};
/* End PBXContainerItemProxy section */

/* Begin PBXFileReference section */
		2A68A7C922FA5C0A000A6290 /* ch06mission.app */ = {isa = PBXFileReference; explicitFileType = wrapper.application; includeInIndex = 0; path = ch06mission.app; sourceTree = BUILT_PRODUCTS_DIR; };
		2A68A7CC22FA5C0A000A6290 /* AppDelegate.swift */ = {isa = PBXFileReference; lastKnownFileType = sourcecode.swift; path = AppDelegate.swift; sourceTree = "<group>"; };
		2A68A7CE22FA5C0A000A6290 /* ViewController.swift */ = {isa = PBXFileReference; lastKnownFileType = sourcecode.swift; path = ViewController.swift; sourceTree = "<group>"; };
		2A68A7D122FA5C0A000A6290 /* Base */ = {isa = PBXFileReference; lastKnownFileType = file.storyboard; name = Base; path = Base.lproj/Main.storyboard; sourceTree = "<group>"; };
		2A68A7D322FA5C0B000A6290 /* Assets.xcassets */ = {isa = PBXFileReference; lastKnownFileType = folder.assetcatalog; path = Assets.xcassets; sourceTree = "<group>"; };
		2A68A7D622FA5C0B000A6290 /* Base */ = {isa = PBXFileReference; lastKnownFileType = file.storyboard; name = Base; path = Base.lproj/LaunchScreen.storyboard; sourceTree = "<group>"; };
		2A68A7D822FA5C0B000A6290 /* Info.plist */ = {isa = PBXFileReference; lastKnownFileType = text.plist.xml; path = Info.plist; sourceTree = "<group>"; };
		2A68A7DD22FA5C0B000A6290 /* ch06missionTests.xctest */ = {isa = PBXFileReference; explicitFileType = wrapper.cfbundle; includeInIndex = 0; path = ch06missionTests.xctest; sourceTree = BUILT_PRODUCTS_DIR; };
		2A68A7E122FA5C0B000A6290 /* ch06missionTests.swift */ = {isa = PBXFileReference; lastKnownFileType = sourcecode.swift; path = ch06missionTests.swift; sourceTree = "<group>"; };
		2A68A7E322FA5C0B000A6290 /* Info.plist */ = {isa = PBXFileReference; lastKnownFileType = text.plist.xml; path = Info.plist; sourceTree = "<group>"; };
		2A68A7E822FA5C0B000A6290 /* ch06missionUITests.xctest */ = {isa = PBXFileReference; explicitFileType = wrapper.cfbundle; includeInIndex = 0; path = ch06missionUITests.xctest; sourceTree = BUILT_PRODUCTS_DIR; };
		2A68A7EC22FA5C0B000A6290 /* ch06missionUITests.swift */ = {isa = PBXFileReference; lastKnownFileType = sourcecode.swift; path = ch06missionUITests.swift; sourceTree = "<group>"; };
		2A68A7EE22FA5C0B000A6290 /* Info.plist */ = {isa = PBXFileReference; lastKnownFileType = text.plist.xml; path = Info.plist; sourceTree = "<group>"; };
/* End PBXFileReference section */

/* Begin PBXFrameworksBuildPhase section */
		2A68A7C622FA5C0A000A6290 /* Frameworks */ = {
			isa = PBXFrameworksBuildPhase;
			buildActionMask = 2147483647;
			files = (
			);
			runOnlyForDeploymentPostprocessing = 0;
		};
		2A68A7DA22FA5C0B000A6290 /* Frameworks */ = {
			isa = PBXFrameworksBuildPhase;
			buildActionMask = 2147483647;
			files = (
			);
			runOnlyForDeploymentPostprocessing = 0;
		};
		2A68A7E522FA5C0B000A6290 /* Frameworks */ = {
			isa = PBXFrameworksBuildPhase;
			buildActionMask = 2147483647;
			files = (
			);
			runOnlyForDeploymentPostprocessing = 0;
		};
/* End PBXFrameworksBuildPhase section */

/* Begin PBXGroup section */
		2A68A7C022FA5C0A000A6290 = {
			isa = PBXGroup;
			children = (
				2A68A7CB22FA5C0A000A6290 /* ch06mission */,
				2A68A7E022FA5C0B000A6290 /* ch06missionTests */,
				2A68A7EB22FA5C0B000A6290 /* ch06missionUITests */,
				2A68A7CA22FA5C0A000A6290 /* Products */,
			);
			sourceTree = "<group>";
		};
		2A68A7CA22FA5C0A000A6290 /* Products */ = {
			isa = PBXGroup;
			children = (
				2A68A7C922FA5C0A000A6290 /* ch06mission.app */,
				2A68A7DD22FA5C0B000A6290 /* ch06missionTests.xctest */,
				2A68A7E822FA5C0B000A6290 /* ch06missionUITests.xctest */,
			);
			name = Products;
			sourceTree = "<group>";
		};
		2A68A7CB22FA5C0A000A6290 /* ch06mission */ = {
			isa = PBXGroup;
			children = (
				2A68A7CC22FA5C0A000A6290 /* AppDelegate.swift */,
				2A68A7CE22FA5C0A000A6290 /* ViewController.swift */,
				2A68A7D022FA5C0A000A6290 /* Main.storyboard */,
				2A68A7D322FA5C0B000A6290 /* Assets.xcassets */,
				2A68A7D522FA5C0B000A6290 /* LaunchScreen.storyboard */,
				2A68A7D822FA5C0B000A6290 /* Info.plist */,
			);
			path = ch06mission;
			sourceTree = "<group>";
		};
		2A68A7E022FA5C0B000A6290 /* ch06missionTests */ = {
			isa = PBXGroup;
			children = (
				2A68A7E122FA5C0B000A6290 /* ch06missionTests.swift */,
				2A68A7E322FA5C0B000A6290 /* Info.plist */,
			);
			path = ch06missionTests;
			sourceTree = "<group>";
		};
		2A68A7EB22FA5C0B000A6290 /* ch06missionUITests */ = {
			isa = PBXGroup;
			children = (
				2A68A7EC22FA5C0B000A6290 /* ch06missionUITests.swift */,
				2A68A7EE22FA5C0B000A6290 /* Info.plist */,
			);
			path = ch06missionUITests;
			sourceTree = "<group>";
		};
/* End PBXGroup section */

/* Begin PBXNativeTarget section */
		2A68A7C822FA5C0A000A6290 /* ch06mission */ = {
			isa = PBXNativeTarget;
			buildConfigurationList = 2A68A7F122FA5C0B000A6290 /* Build configuration list for PBXNativeTarget "ch06mission" */;
			buildPhases = (
				2A68A7C522FA5C0A000A6290 /* Sources */,
				2A68A7C622FA5C0A000A6290 /* Frameworks */,
				2A68A7C722FA5C0A000A6290 /* Resources */,
			);
			buildRules = (
			);
			dependencies = (
			);
			name = ch06mission;
			productName = ch06mission;
			productReference = 2A68A7C922FA5C0A000A6290 /* ch06mission.app */;
			productType = "com.apple.product-type.application";
		};
		2A68A7DC22FA5C0B000A6290 /* ch06missionTests */ = {
			isa = PBXNativeTarget;
			buildConfigurationList = 2A68A7F422FA5C0B000A6290 /* Build configuration list for PBXNativeTarget "ch06missionTests" */;
			buildPhases = (
				2A68A7D922FA5C0B000A6290 /* Sources */,
				2A68A7DA22FA5C0B000A6290 /* Frameworks */,
				2A68A7DB22FA5C0B000A6290 /* Resources */,
			);
			buildRules = (
			);
			dependencies = (
				2A68A7DF22FA5C0B000A6290 /* PBXTargetDependency */,
			);
			name = ch06missionTests;
			productName = ch06missionTests;
			productReference = 2A68A7DD22FA5C0B000A6290 /* ch06missionTests.xctest */;
			productType = "com.apple.product-type.bundle.unit-test";
		};
		2A68A7E722FA5C0B000A6290 /* ch06missionUITests */ = {
			isa = PBXNativeTarget;
			buildConfigurationList = 2A68A7F722FA5C0B000A6290 /* Build configuration list for PBXNativeTarget "ch06missionUITests" */;
			buildPhases = (
				2A68A7E422FA5C0B000A6290 /* Sources */,
				2A68A7E522FA5C0B000A6290 /* Frameworks */,
				2A68A7E622FA5C0B000A6290 /* Resources */,
			);
			buildRules = (
			);
			dependencies = (
				2A68A7EA22FA5C0B000A6290 /* PBXTargetDependency */,
			);
			name = ch06missionUITests;
			productName = ch06missionUITests;
			productReference = 2A68A7E822FA5C0B000A6290 /* ch06missionUITests.xctest */;
			productType = "com.apple.product-type.bundle.ui-testing";
		};
/* End PBXNativeTarget section */

/* Begin PBXProject section */
		2A68A7C122FA5C0A000A6290 /* Project object */ = {
			isa = PBXProject;
			attributes = {
				LastSwiftUpdateCheck = 1030;
				LastUpgradeCheck = 1030;
				ORGANIZATIONNAME = ATS;
				TargetAttributes = {
					2A68A7C822FA5C0A000A6290 = {
						CreatedOnToolsVersion = 10.3;
					};
					2A68A7DC22FA5C0B000A6290 = {
						CreatedOnToolsVersion = 10.3;
						TestTargetID = 2A68A7C822FA5C0A000A6290;
					};
					2A68A7E722FA5C0B000A6290 = {
						CreatedOnToolsVersion = 10.3;
						TestTargetID = 2A68A7C822FA5C0A000A6290;
					};
				};
			};
			buildConfigurationList = 2A68A7C422FA5C0A000A6290 /* Build configuration list for PBXProject "ch06mission" */;
			compatibilityVersion = "Xcode 9.3";
			developmentRegion = en;
			hasScannedForEncodings = 0;
			knownRegions = (
				en,
				Base,
			);
			mainGroup = 2A68A7C022FA5C0A000A6290;
			productRefGroup = 2A68A7CA22FA5C0A000A6290 /* Products */;
			projectDirPath = "";
			projectRoot = "";
			targets = (
				2A68A7C822FA5C0A000A6290 /* ch06mission */,
				2A68A7DC22FA5C0B000A6290 /* ch06missionTests */,
				2A68A7E722FA5C0B000A6290 /* ch06missionUITests */,
			);
		};
/* End PBXProject section */

/* Begin PBXResourcesBuildPhase section */
		2A68A7C722FA5C0A000A6290 /* Resources */ = {
			isa = PBXResourcesBuildPhase;
			buildActionMask = 2147483647;
			files = (
				2A68A7D722FA5C0B000A6290 /* LaunchScreen.storyboard in Resources */,
				2A68A7D422FA5C0B000A6290 /* Assets.xcassets in Resources */,
				2A68A7D222FA5C0A000A6290 /* Main.storyboard in Resources */,
			);
			runOnlyForDeploymentPostprocessing = 0;
		};
		2A68A7DB22FA5C0B000A6290 /* Resources */ = {
			isa = PBXResourcesBuildPhase;
			buildActionMask = 2147483647;
			files = (
			);
			runOnlyForDeploymentPostprocessing = 0;
		};
		2A68A7E622FA5C0B000A6290 /* Resources */ = {
			isa = PBXResourcesBuildPhase;
			buildActionMask = 2147483647;
			files = (
			);
			runOnlyForDeploymentPostprocessing = 0;
		};
/* End PBXResourcesBuildPhase section */

/* Begin PBXSourcesBuildPhase section */
		2A68A7C522FA5C0A000A6290 /* Sources */ = {
			isa = PBXSourcesBuildPhase;
			buildActionMask = 2147483647;
			files = (
				2A68A7CF22FA5C0A000A6290 /* ViewController.swift in Sources */,
				2A68A7CD22FA5C0A000A6290 /* AppDelegate.swift in Sources */,
			);
			runOnlyForDeploymentPostprocessing = 0;
		};
		2A68A7D922FA5C0B000A6290 /* Sources */ = {
			isa = PBXSourcesBuildPhase;
			buildActionMask = 2147483647;
			files = (
				2A68A7E222FA5C0B000A6290 /* ch06missionTests.swift in Sources */,
			);
			runOnlyForDeploymentPostprocessing = 0;
		};
		2A68A7E422FA5C0B000A6290 /* Sources */ = {
			isa = PBXSourcesBuildPhase;
			buildActionMask = 2147483647;
			files = (
				2A68A7ED22FA5C0B000A6290 /* ch06missionUITests.swift in Sources */,
			);
			runOnlyForDeploymentPostprocessing = 0;
		};
/* End PBXSourcesBuildPhase section */

/* Begin PBXTargetDependency section */
		2A68A7DF22FA5C0B000A6290 /* PBXTargetDependency */ = {
			isa = PBXTargetDependency;
			target = 2A68A7C822FA5C0A000A6290 /* ch06mission */;
			targetProxy = 2A68A7DE22FA5C0B000A6290 /* PBXContainerItemProxy */;
		};
		2A68A7EA22FA5C0B000A6290 /* PBXTargetDependency */ = {
			isa = PBXTargetDependency;
			target = 2A68A7C822FA5C0A000A6290 /* ch06mission */;
			targetProxy = 2A68A7E922FA5C0B000A6290 /* PBXContainerItemProxy */;
		};
/* End PBXTargetDependency section */

/* Begin PBXVariantGroup section */
		2A68A7D022FA5C0A000A6290 /* Main.storyboard */ = {
			isa = PBXVariantGroup;
			children = (
				2A68A7D122FA5C0A000A6290 /* Base */,
			);
			name = Main.storyboard;
			sourceTree = "<group>";
		};
		2A68A7D522FA5C0B000A6290 /* LaunchScreen.storyboard */ = {
			isa = PBXVariantGroup;
			children = (
				2A68A7D622FA5C0B000A6290 /* Base */,
			);
			name = LaunchScreen.storyboard;
			sourceTree = "<group>";
		};
/* End PBXVariantGroup section */

/* Begin XCBuildConfiguration section */
		2A68A7EF22FA5C0B000A6290 /* Debug */ = {
			isa = XCBuildConfiguration;
			buildSettings = {
				ALWAYS_SEARCH_USER_PATHS = NO;
				CLANG_ANALYZER_NONNULL = YES;
				CLANG_ANALYZER_NUMBER_OBJECT_CONVERSION = YES_AGGRESSIVE;
				CLANG_CXX_LANGUAGE_STANDARD = "gnu++14";
				CLANG_CXX_LIBRARY = "libc++";
				CLANG_ENABLE_MODULES = YES;
				CLANG_ENABLE_OBJC_ARC = YES;
				CLANG_ENABLE_OBJC_WEAK = YES;
				CLANG_WARN_BLOCK_CAPTURE_AUTORELEASING = YES;
				CLANG_WARN_BOOL_CONVERSION = YES;
				CLANG_WARN_COMMA = YES;
				CLANG_WARN_CONSTANT_CONVERSION = YES;
				CLANG_WARN_DEPRECATED_OBJC_IMPLEMENTATIONS = YES;
				CLANG_WARN_DIRECT_OBJC_ISA_USAGE = YES_ERROR;
				CLANG_WARN_DOCUMENTATION_COMMENTS = YES;
				CLANG_WARN_EMPTY_BODY = YES;
				CLANG_WARN_ENUM_CONVERSION = YES;
				CLANG_WARN_INFINITE_RECURSION = YES;
				CLANG_WARN_INT_CONVERSION = YES;
				CLANG_WARN_NON_LITERAL_NULL_CONVERSION = YES;
				CLANG_WARN_OBJC_IMPLICIT_RETAIN_SELF = YES;
				CLANG_WARN_OBJC_LITERAL_CONVERSION = YES;
				CLANG_WARN_OBJC_ROOT_CLASS = YES_ERROR;
				CLANG_WARN_RANGE_LOOP_ANALYSIS = YES;
				CLANG_WARN_STRICT_PROTOTYPES = YES;
				CLANG_WARN_SUSPICIOUS_MOVE = YES;
				CLANG_WARN_UNGUARDED_AVAILABILITY = YES_AGGRESSIVE;
				CLANG_WARN_UNREACHABLE_CODE = YES;
				CLANG_WARN__DUPLICATE_METHOD_MATCH = YES;
				CODE_SIGN_IDENTITY = "iPhone Developer";
				COPY_PHASE_STRIP = NO;
				DEBUG_INFORMATION_FORMAT = dwarf;
				ENABLE_STRICT_OBJC_MSGSEND = YES;
				ENABLE_TESTABILITY = YES;
				GCC_C_LANGUAGE_STANDARD = gnu11;
				GCC_DYNAMIC_NO_PIC = NO;
				GCC_NO_COMMON_BLOCKS = YES;
				GCC_OPTIMIZATION_LEVEL = 0;
				GCC_PREPROCESSOR_DEFINITIONS = (
					"DEBUG=1",
					"$(inherited)",
				);
				GCC_WARN_64_TO_32_BIT_CONVERSION = YES;
				GCC_WARN_ABOUT_RETURN_TYPE = YES_ERROR;
				GCC_WARN_UNDECLARED_SELECTOR = YES;
				GCC_WARN_UNINITIALIZED_AUTOS = YES_AGGRESSIVE;
				GCC_WARN_UNUSED_FUNCTION = YES;
				GCC_WARN_UNUSED_VARIABLE = YES;
				IPHONEOS_DEPLOYMENT_TARGET = 12.4;
				MTL_ENABLE_DEBUG_INFO = INCLUDE_SOURCE;
				MTL_FAST_MATH = YES;
				ONLY_ACTIVE_ARCH = YES;
				SDKROOT = iphoneos;
				SWIFT_ACTIVE_COMPILATION_CONDITIONS = DEBUG;
				SWIFT_OPTIMIZATION_LEVEL = "-Onone";
			};
			name = Debug;
		};
		2A68A7F022FA5C0B000A6290 /* Release */ = {
			isa = XCBuildConfiguration;
			buildSettings = {
				ALWAYS_SEARCH_USER_PATHS = NO;
				CLANG_ANALYZER_NONNULL = YES;
				CLANG_ANALYZER_NUMBER_OBJECT_CONVERSION = YES_AGGRESSIVE;
				CLANG_CXX_LANGUAGE_STANDARD = "gnu++14";
				CLANG_CXX_LIBRARY = "libc++";
				CLANG_ENABLE_MODULES = YES;
				CLANG_ENABLE_OBJC_ARC = YES;
				CLANG_ENABLE_OBJC_WEAK = YES;
				CLANG_WARN_BLOCK_CAPTURE_AUTORELEASING = YES;
				CLANG_WARN_BOOL_CONVERSION = YES;
				CLANG_WARN_COMMA = YES;
				CLANG_WARN_CONSTANT_CONVERSION = YES;
				CLANG_WARN_DEPRECATED_OBJC_IMPLEMENTATIONS = YES;
				CLANG_WARN_DIRECT_OBJC_ISA_USAGE = YES_ERROR;
				CLANG_WARN_DOCUMENTATION_COMMENTS = YES;
				CLANG_WARN_EMPTY_BODY = YES;
				CLANG_WARN_ENUM_CONVERSION = YES;
				CLANG_WARN_INFINITE_RECURSION = YES;
				CLANG_WARN_INT_CONVERSION = YES;
				CLANG_WARN_NON_LITERAL_NULL_CONVERSION = YES;
				CLANG_WARN_OBJC_IMPLICIT_RETAIN_SELF = YES;
				CLANG_WARN_OBJC_LITERAL_CONVERSION = YES;
				CLANG_WARN_OBJC_ROOT_CLASS = YES_ERROR;
				CLANG_WARN_RANGE_LOOP_ANALYSIS = YES;
				CLANG_WARN_STRICT_PROTOTYPES = YES;
				CLANG_WARN_SUSPICIOUS_MOVE = YES;
				CLANG_WARN_UNGUARDED_AVAILABILITY = YES_AGGRESSIVE;
				CLANG_WARN_UNREACHABLE_CODE = YES;
				CLANG_WARN__DUPLICATE_METHOD_MATCH = YES;
				CODE_SIGN_IDENTITY = "iPhone Developer";
				COPY_PHASE_STRIP = NO;
				DEBUG_INFORMATION_FORMAT = "dwarf-with-dsym";
				ENABLE_NS_ASSERTIONS = NO;
				ENABLE_STRICT_OBJC_MSGSEND = YES;
				GCC_C_LANGUAGE_STANDARD = gnu11;
				GCC_NO_COMMON_BLOCKS = YES;
				GCC_WARN_64_TO_32_BIT_CONVERSION = YES;
				GCC_WARN_ABOUT_RETURN_TYPE = YES_ERROR;
				GCC_WARN_UNDECLARED_SELECTOR = YES;
				GCC_WARN_UNINITIALIZED_AUTOS = YES_AGGRESSIVE;
				GCC_WARN_UNUSED_FUNCTION = YES;
				GCC_WARN_UNUSED_VARIABLE = YES;
				IPHONEOS_DEPLOYMENT_TARGET = 12.4;
				MTL_ENABLE_DEBUG_INFO = NO;
				MTL_FAST_MATH = YES;
				SDKROOT = iphoneos;
				SWIFT_COMPILATION_MODE = wholemodule;
				SWIFT_OPTIMIZATION_LEVEL = "-O";
				VALIDATE_PRODUCT = YES;
			};
			name = Release;
		};
		2A68A7F222FA5C0B000A6290 /* Debug */ = {
			isa = XCBuildConfiguration;
			buildSettings = {
				ASSETCATALOG_COMPILER_APPICON_NAME = AppIcon;
				CODE_SIGN_STYLE = Automatic;
				INFOPLIST_FILE = ch06mission/Info.plist;
				LD_RUNPATH_SEARCH_PATHS = (
					"$(inherited)",
					"@executable_path/Frameworks",
				);
				PRODUCT_BUNDLE_IDENTIFIER = com.example.ch06mission;
				PRODUCT_NAME = "$(TARGET_NAME)";
				SWIFT_VERSION = 5.0;
				TARGETED_DEVICE_FAMILY = "1,2";
			};
			name = Debug;
		};
		2A68A7F322FA5C0B000A6290 /* Release */ = {
			isa = XCBuildConfiguration;
			buildSettings = {
				ASSETCATALOG_COMPILER_APPICON_NAME = AppIcon;
				CODE_SIGN_STYLE = Automatic;
				INFOPLIST_FILE = ch06mission/Info.plist;
				LD_RUNPATH_SEARCH_PATHS = (
					"$(inherited)",
					"@executable_path/Frameworks",
				);
				PRODUCT_BUNDLE_IDENTIFIER = com.example.ch06mission;
				PRODUCT_NAME = "$(TARGET_NAME)";
				SWIFT_VERSION = 5.0;
				TARGETED_DEVICE_FAMILY = "1,2";
			};
			name = Release;
		};
		2A68A7F522FA5C0B000A6290 /* Debug */ = {
			isa = XCBuildConfiguration;
			buildSettings = {
				ALWAYS_EMBED_SWIFT_STANDARD_LIBRARIES = YES;
				BUNDLE_LOADER = "$(TEST_HOST)";
				CODE_SIGN_STYLE = Automatic;
				INFOPLIST_FILE = ch06missionTests/Info.plist;
				LD_RUNPATH_SEARCH_PATHS = (
					"$(inherited)",
					"@executable_path/Frameworks",
					"@loader_path/Frameworks",
				);
				PRODUCT_BUNDLE_IDENTIFIER = com.example.ch06missionTests;
				PRODUCT_NAME = "$(TARGET_NAME)";
				SWIFT_VERSION = 5.0;
				TARGETED_DEVICE_FAMILY = "1,2";
				TEST_HOST = "$(BUILT_PRODUCTS_DIR)/ch06mission.app/ch06mission";
			};
			name = Debug;
		};
		2A68A7F622FA5C0B000A6290 /* Release */ = {
			isa = XCBuildConfiguration;
			buildSettings = {
				ALWAYS_EMBED_SWIFT_STANDARD_LIBRARIES = YES;
				BUNDLE_LOADER = "$(TEST_HOST)";
				CODE_SIGN_STYLE = Automatic;
				INFOPLIST_FILE = ch06missionTests/Info.plist;
				LD_RUNPATH_SEARCH_PATHS = (
					"$(inherited)",
					"@executable_path/Frameworks",
					"@loader_path/Frameworks",
				);
				PRODUCT_BUNDLE_IDENTIFIER = com.example.ch06missionTests;
				PRODUCT_NAME = "$(TARGET_NAME)";
				SWIFT_VERSION = 5.0;
				TARGETED_DEVICE_FAMILY = "1,2";
				TEST_HOST = "$(BUILT_PRODUCTS_DIR)/ch06mission.app/ch06mission";
			};
			name = Release;
		};
		2A68A7F822FA5C0B000A6290 /* Debug */ = {
			isa = XCBuildConfiguration;
			buildSettings = {
				ALWAYS_EMBED_SWIFT_STANDARD_LIBRARIES = YES;
				CODE_SIGN_STYLE = Automatic;
				INFOPLIST_FILE = ch06missionUITests/Info.plist;
				LD_RUNPATH_SEARCH_PATHS = (
					"$(inherited)",
					"@executable_path/Frameworks",
					"@loader_path/Frameworks",
				);
				PRODUCT_BUNDLE_IDENTIFIER = com.example.ch06missionUITests;
				PRODUCT_NAME = "$(TARGET_NAME)";
				SWIFT_VERSION = 5.0;
				TARGETED_DEVICE_FAMILY = "1,2";
				TEST_TARGET_NAME = ch06mission;
			};
			name = Debug;
		};
		2A68A7F922FA5C0B000A6290 /* Release */ = {
			isa = XCBuildConfiguration;
			buildSettings = {
				ALWAYS_EMBED_SWIFT_STANDARD_LIBRARIES = YES;
				CODE_SIGN_STYLE = Automatic;
				INFOPLIST_FILE = ch06missionUITests/Info.plist;
				LD_RUNPATH_SEARCH_PATHS = (
					"$(inherited)",
					"@executable_path/Frameworks",
					"@loader_path/Frameworks",
				);
				PRODUCT_BUNDLE_IDENTIFIER = com.example.ch06missionUITests;
				PRODUCT_NAME = "$(TARGET_NAME)";
				SWIFT_VERSION = 5.0;
				TARGETED_DEVICE_FAMILY = "1,2";
				TEST_TARGET_NAME = ch06mission;
			};
			name = Release;
		};
/* End XCBuildConfiguration section */

/* Begin XCConfigurationList section */
		2A68A7C422FA5C0A000A6290 /* Build configuration list for PBXProject "ch06mission" */ = {
			isa = XCConfigurationList;
			buildConfigurations = (
				2A68A7EF22FA5C0B000A6290 /* Debug */,
				2A68A7F022FA5C0B000A6290 /* Release */,
			);
			defaultConfigurationIsVisible = 0;
			defaultConfigurationName = Release;
		};
		2A68A7F122FA5C0B000A6290 /* Build configuration list for PBXNativeTarget "ch06mission" */ = {
			isa = XCConfigurationList;
			buildConfigurations = (
				2A68A7F222FA5C0B000A6290 /* Debug */,
				2A68A7F322FA5C0B000A6290 /* Release */,
			);
			defaultConfigurationIsVisible = 0;
			defaultConfigurationName = Release;
		};
		2A68A7F422FA5C0B000A6290 /* Build configuration list for PBXNativeTarget "ch06missionTests" */ = {
			isa = XCConfigurationList;
			buildConfigurations = (
				2A68A7F522FA5C0B000A6290 /* Debug */,
				2A68A7F622FA5C0B000A6290 /* Release */,
			);
			defaultConfigurationIsVisible = 0;
			defaultConfigurationName = Release;
		};
		2A68A7F722FA5C0B000A6290 /* Build configuration list for PBXNativeTarget "ch06missionUITests" */ = {
			isa = XCConfigurationList;
			buildConfigurations = (
				2A68A7F822FA5C0B000A6290 /* Debug */,
				2A68A7F922FA5C0B000A6290 /* Release */,
			);
			defaultConfigurationIsVisible = 0;
			defaultConfigurationName = Release;
		};
/* End XCConfigurationList section */
	};
	rootObject = 2A68A7C122FA5C0A000A6290 /* Project object */;
}
