// !$*UTF8*$!
{
	archiveVersion = 1;
	classes = {
	};
	objectVersion = 50;
	objects = {

/* Begin PBXBuildFile section */
		2ACAA21122CEE24800C0FD41 /* AppDelegate.swift in Sources */ = {isa = PBXBuildFile; fileRef = 2ACAA21022CEE24800C0FD41 /* AppDelegate.swift */; };
		2ACAA21322CEE24800C0FD41 /* ViewController.swift in Sources */ = {isa = PBXBuildFile; fileRef = 2ACAA21222CEE24800C0FD41 /* ViewController.swift */; };
		2ACAA21622CEE24800C0FD41 /* Main.storyboard in Resources */ = {isa = PBXBuildFile; fileRef = 2ACAA21422CEE24800C0FD41 /* Main.storyboard */; };
		2ACAA21822CEE24800C0FD41 /* Assets.xcassets in Resources */ = {isa = PBXBuildFile; fileRef = 2ACAA21722CEE24800C0FD41 /* Assets.xcassets */; };
		2ACAA21B22CEE24800C0FD41 /* LaunchScreen.storyboard in Resources */ = {isa = PBXBuildFile; fileRef = 2ACAA21922CEE24800C0FD41 /* LaunchScreen.storyboard */; };
		2ACAA22622CEE24800C0FD41 /* ImageViewTests.swift in Sources */ = {isa = PBXBuildFile; fileRef = 2ACAA22522CEE24800C0FD41 /* ImageViewTests.swift */; };
		2ACAA23122CEE24800C0FD41 /* ImageViewUITests.swift in Sources */ = {isa = PBXBuildFile; fileRef = 2ACAA23022CEE24800C0FD41 /* ImageViewUITests.swift */; };
		2ACAA24022CEE31900C0FD41 /* lamp_on.png in Resources */ = {isa = PBXBuildFile; fileRef = 2ACAA23E22CEE31800C0FD41 /* lamp_on.png */; };
		2ACAA24122CEE31900C0FD41 /* lamp_off.png in Resources */ = {isa = PBXBuildFile; fileRef = 2ACAA23F22CEE31900C0FD41 /* lamp_off.png */; };
/* End PBXBuildFile section */

/* Begin PBXContainerItemProxy section */
		2ACAA22222CEE24800C0FD41 /* PBXContainerItemProxy */ = {
			isa = PBXContainerItemProxy;
			containerPortal = 2ACAA20522CEE24800C0FD41 /* Project object */;
			proxyType = 1;
			remoteGlobalIDString = 2ACAA20C22CEE24800C0FD41;
			remoteInfo = ImageView;
		};
		2ACAA22D22CEE24800C0FD41 /* PBXContainerItemProxy */ = {
			isa = PBXContainerItemProxy;
			containerPortal = 2ACAA20522CEE24800C0FD41 /* Project object */;
			proxyType = 1;
			remoteGlobalIDString = 2ACAA20C22CEE24800C0FD41;
			remoteInfo = ImageView;
		};
/* End PBXContainerItemProxy section */

/* Begin PBXFileReference section */
		2ACAA20D22CEE24800C0FD41 /* ImageView.app */ = {isa = PBXFileReference; explicitFileType = wrapper.application; includeInIndex = 0; path = ImageView.app; sourceTree = BUILT_PRODUCTS_DIR; };
		2ACAA21022CEE24800C0FD41 /* AppDelegate.swift */ = {isa = PBXFileReference; lastKnownFileType = sourcecode.swift; path = AppDelegate.swift; sourceTree = "<group>"; };
		2ACAA21222CEE24800C0FD41 /* ViewController.swift */ = {isa = PBXFileReference; lastKnownFileType = sourcecode.swift; path = ViewController.swift; sourceTree = "<group>"; };
		2ACAA21522CEE24800C0FD41 /* Base */ = {isa = PBXFileReference; lastKnownFileType = file.storyboard; name = Base; path = Base.lproj/Main.storyboard; sourceTree = "<group>"; };
		2ACAA21722CEE24800C0FD41 /* Assets.xcassets */ = {isa = PBXFileReference; lastKnownFileType = folder.assetcatalog; path = Assets.xcassets; sourceTree = "<group>"; };
		2ACAA21A22CEE24800C0FD41 /* Base */ = {isa = PBXFileReference; lastKnownFileType = file.storyboard; name = Base; path = Base.lproj/LaunchScreen.storyboard; sourceTree = "<group>"; };
		2ACAA21C22CEE24800C0FD41 /* Info.plist */ = {isa = PBXFileReference; lastKnownFileType = text.plist.xml; path = Info.plist; sourceTree = "<group>"; };
		2ACAA22122CEE24800C0FD41 /* ImageViewTests.xctest */ = {isa = PBXFileReference; explicitFileType = wrapper.cfbundle; includeInIndex = 0; path = ImageViewTests.xctest; sourceTree = BUILT_PRODUCTS_DIR; };
		2ACAA22522CEE24800C0FD41 /* ImageViewTests.swift */ = {isa = PBXFileReference; lastKnownFileType = sourcecode.swift; path = ImageViewTests.swift; sourceTree = "<group>"; };
		2ACAA22722CEE24800C0FD41 /* Info.plist */ = {isa = PBXFileReference; lastKnownFileType = text.plist.xml; path = Info.plist; sourceTree = "<group>"; };
		2ACAA22C22CEE24800C0FD41 /* ImageViewUITests.xctest */ = {isa = PBXFileReference; explicitFileType = wrapper.cfbundle; includeInIndex = 0; path = ImageViewUITests.xctest; sourceTree = BUILT_PRODUCTS_DIR; };
		2ACAA23022CEE24800C0FD41 /* ImageViewUITests.swift */ = {isa = PBXFileReference; lastKnownFileType = sourcecode.swift; path = ImageViewUITests.swift; sourceTree = "<group>"; };
		2ACAA23222CEE24800C0FD41 /* Info.plist */ = {isa = PBXFileReference; lastKnownFileType = text.plist.xml; path = Info.plist; sourceTree = "<group>"; };
		2ACAA23E22CEE31800C0FD41 /* lamp_on.png */ = {isa = PBXFileReference; lastKnownFileType = image.png; path = lamp_on.png; sourceTree = "<group>"; };
		2ACAA23F22CEE31900C0FD41 /* lamp_off.png */ = {isa = PBXFileReference; lastKnownFileType = image.png; path = lamp_off.png; sourceTree = "<group>"; };
/* End PBXFileReference section */

/* Begin PBXFrameworksBuildPhase section */
		2ACAA20A22CEE24800C0FD41 /* Frameworks */ = {
			isa = PBXFrameworksBuildPhase;
			buildActionMask = 2147483647;
			files = (
			);
			runOnlyForDeploymentPostprocessing = 0;
		};
		2ACAA21E22CEE24800C0FD41 /* Frameworks */ = {
			isa = PBXFrameworksBuildPhase;
			buildActionMask = 2147483647;
			files = (
			);
			runOnlyForDeploymentPostprocessing = 0;
		};
		2ACAA22922CEE24800C0FD41 /* Frameworks */ = {
			isa = PBXFrameworksBuildPhase;
			buildActionMask = 2147483647;
			files = (
			);
			runOnlyForDeploymentPostprocessing = 0;
		};
/* End PBXFrameworksBuildPhase section */

/* Begin PBXGroup section */
		2ACAA20422CEE24800C0FD41 = {
			isa = PBXGroup;
			children = (
				2ACAA20F22CEE24800C0FD41 /* ImageView */,
				2ACAA22422CEE24800C0FD41 /* ImageViewTests */,
				2ACAA22F22CEE24800C0FD41 /* ImageViewUITests */,
				2ACAA20E22CEE24800C0FD41 /* Products */,
			);
			sourceTree = "<group>";
		};
		2ACAA20E22CEE24800C0FD41 /* Products */ = {
			isa = PBXGroup;
			children = (
				2ACAA20D22CEE24800C0FD41 /* ImageView.app */,
				2ACAA22122CEE24800C0FD41 /* ImageViewTests.xctest */,
				2ACAA22C22CEE24800C0FD41 /* ImageViewUITests.xctest */,
			);
			name = Products;
			sourceTree = "<group>";
		};
		2ACAA20F22CEE24800C0FD41 /* ImageView */ = {
			isa = PBXGroup;
			children = (
				2ACAA23F22CEE31900C0FD41 /* lamp_off.png */,
				2ACAA23E22CEE31800C0FD41 /* lamp_on.png */,
				2ACAA21022CEE24800C0FD41 /* AppDelegate.swift */,
				2ACAA21222CEE24800C0FD41 /* ViewController.swift */,
				2ACAA21422CEE24800C0FD41 /* Main.storyboard */,
				2ACAA21722CEE24800C0FD41 /* Assets.xcassets */,
				2ACAA21922CEE24800C0FD41 /* LaunchScreen.storyboard */,
				2ACAA21C22CEE24800C0FD41 /* Info.plist */,
			);
			path = ImageView;
			sourceTree = "<group>";
		};
		2ACAA22422CEE24800C0FD41 /* ImageViewTests */ = {
			isa = PBXGroup;
			children = (
				2ACAA22522CEE24800C0FD41 /* ImageViewTests.swift */,
				2ACAA22722CEE24800C0FD41 /* Info.plist */,
			);
			path = ImageViewTests;
			sourceTree = "<group>";
		};
		2ACAA22F22CEE24800C0FD41 /* ImageViewUITests */ = {
			isa = PBXGroup;
			children = (
				2ACAA23022CEE24800C0FD41 /* ImageViewUITests.swift */,
				2ACAA23222CEE24800C0FD41 /* Info.plist */,
			);
			path = ImageViewUITests;
			sourceTree = "<group>";
		};
/* End PBXGroup section */

/* Begin PBXNativeTarget section */
		2ACAA20C22CEE24800C0FD41 /* ImageView */ = {
			isa = PBXNativeTarget;
			buildConfigurationList = 2ACAA23522CEE24800C0FD41 /* Build configuration list for PBXNativeTarget "ImageView" */;
			buildPhases = (
				2ACAA20922CEE24800C0FD41 /* Sources */,
				2ACAA20A22CEE24800C0FD41 /* Frameworks */,
				2ACAA20B22CEE24800C0FD41 /* Resources */,
			);
			buildRules = (
			);
			dependencies = (
			);
			name = ImageView;
			productName = ImageView;
			productReference = 2ACAA20D22CEE24800C0FD41 /* ImageView.app */;
			productType = "com.apple.product-type.application";
		};
		2ACAA22022CEE24800C0FD41 /* ImageViewTests */ = {
			isa = PBXNativeTarget;
			buildConfigurationList = 2ACAA23822CEE24800C0FD41 /* Build configuration list for PBXNativeTarget "ImageViewTests" */;
			buildPhases = (
				2ACAA21D22CEE24800C0FD41 /* Sources */,
				2ACAA21E22CEE24800C0FD41 /* Frameworks */,
				2ACAA21F22CEE24800C0FD41 /* Resources */,
			);
			buildRules = (
			);
			dependencies = (
				2ACAA22322CEE24800C0FD41 /* PBXTargetDependency */,
			);
			name = ImageViewTests;
			productName = ImageViewTests;
			productReference = 2ACAA22122CEE24800C0FD41 /* ImageViewTests.xctest */;
			productType = "com.apple.product-type.bundle.unit-test";
		};
		2ACAA22B22CEE24800C0FD41 /* ImageViewUITests */ = {
			isa = PBXNativeTarget;
			buildConfigurationList = 2ACAA23B22CEE24800C0FD41 /* Build configuration list for PBXNativeTarget "ImageViewUITests" */;
			buildPhases = (
				2ACAA22822CEE24800C0FD41 /* Sources */,
				2ACAA22922CEE24800C0FD41 /* Frameworks */,
				2ACAA22A22CEE24800C0FD41 /* Resources */,
			);
			buildRules = (
			);
			dependencies = (
				2ACAA22E22CEE24800C0FD41 /* PBXTargetDependency */,
			);
			name = ImageViewUITests;
			productName = ImageViewUITests;
			productReference = 2ACAA22C22CEE24800C0FD41 /* ImageViewUITests.xctest */;
			productType = "com.apple.product-type.bundle.ui-testing";
		};
/* End PBXNativeTarget section */

/* Begin PBXProject section */
		2ACAA20522CEE24800C0FD41 /* Project object */ = {
			isa = PBXProject;
			attributes = {
				LastSwiftUpdateCheck = 1020;
				LastUpgradeCheck = 1020;
				ORGANIZATIONNAME = ATS;
				TargetAttributes = {
					2ACAA20C22CEE24800C0FD41 = {
						CreatedOnToolsVersion = 10.2.1;
					};
					2ACAA22022CEE24800C0FD41 = {
						CreatedOnToolsVersion = 10.2.1;
						TestTargetID = 2ACAA20C22CEE24800C0FD41;
					};
					2ACAA22B22CEE24800C0FD41 = {
						CreatedOnToolsVersion = 10.2.1;
						TestTargetID = 2ACAA20C22CEE24800C0FD41;
					};
				};
			};
			buildConfigurationList = 2ACAA20822CEE24800C0FD41 /* Build configuration list for PBXProject "ImageView" */;
			compatibilityVersion = "Xcode 9.3";
			developmentRegion = en;
			hasScannedForEncodings = 0;
			knownRegions = (
				en,
				Base,
			);
			mainGroup = 2ACAA20422CEE24800C0FD41;
			productRefGroup = 2ACAA20E22CEE24800C0FD41 /* Products */;
			projectDirPath = "";
			projectRoot = "";
			targets = (
				2ACAA20C22CEE24800C0FD41 /* ImageView */,
				2ACAA22022CEE24800C0FD41 /* ImageViewTests */,
				2ACAA22B22CEE24800C0FD41 /* ImageViewUITests */,
			);
		};
/* End PBXProject section */

/* Begin PBXResourcesBuildPhase section */
		2ACAA20B22CEE24800C0FD41 /* Resources */ = {
			isa = PBXResourcesBuildPhase;
			buildActionMask = 2147483647;
			files = (
				2ACAA24022CEE31900C0FD41 /* lamp_on.png in Resources */,
				2ACAA21B22CEE24800C0FD41 /* LaunchScreen.storyboard in Resources */,
				2ACAA24122CEE31900C0FD41 /* lamp_off.png in Resources */,
				2ACAA21822CEE24800C0FD41 /* Assets.xcassets in Resources */,
				2ACAA21622CEE24800C0FD41 /* Main.storyboard in Resources */,
			);
			runOnlyForDeploymentPostprocessing = 0;
		};
		2ACAA21F22CEE24800C0FD41 /* Resources */ = {
			isa = PBXResourcesBuildPhase;
			buildActionMask = 2147483647;
			files = (
			);
			runOnlyForDeploymentPostprocessing = 0;
		};
		2ACAA22A22CEE24800C0FD41 /* Resources */ = {
			isa = PBXResourcesBuildPhase;
			buildActionMask = 2147483647;
			files = (
			);
			runOnlyForDeploymentPostprocessing = 0;
		};
/* End PBXResourcesBuildPhase section */

/* Begin PBXSourcesBuildPhase section */
		2ACAA20922CEE24800C0FD41 /* Sources */ = {
			isa = PBXSourcesBuildPhase;
			buildActionMask = 2147483647;
			files = (
				2ACAA21322CEE24800C0FD41 /* ViewController.swift in Sources */,
				2ACAA21122CEE24800C0FD41 /* AppDelegate.swift in Sources */,
			);
			runOnlyForDeploymentPostprocessing = 0;
		};
		2ACAA21D22CEE24800C0FD41 /* Sources */ = {
			isa = PBXSourcesBuildPhase;
			buildActionMask = 2147483647;
			files = (
				2ACAA22622CEE24800C0FD41 /* ImageViewTests.swift in Sources */,
			);
			runOnlyForDeploymentPostprocessing = 0;
		};
		2ACAA22822CEE24800C0FD41 /* Sources */ = {
			isa = PBXSourcesBuildPhase;
			buildActionMask = 2147483647;
			files = (
				2ACAA23122CEE24800C0FD41 /* ImageViewUITests.swift in Sources */,
			);
			runOnlyForDeploymentPostprocessing = 0;
		};
/* End PBXSourcesBuildPhase section */

/* Begin PBXTargetDependency section */
		2ACAA22322CEE24800C0FD41 /* PBXTargetDependency */ = {
			isa = PBXTargetDependency;
			target = 2ACAA20C22CEE24800C0FD41 /* ImageView */;
			targetProxy = 2ACAA22222CEE24800C0FD41 /* PBXContainerItemProxy */;
		};
		2ACAA22E22CEE24800C0FD41 /* PBXTargetDependency */ = {
			isa = PBXTargetDependency;
			target = 2ACAA20C22CEE24800C0FD41 /* ImageView */;
			targetProxy = 2ACAA22D22CEE24800C0FD41 /* PBXContainerItemProxy */;
		};
/* End PBXTargetDependency section */

/* Begin PBXVariantGroup section */
		2ACAA21422CEE24800C0FD41 /* Main.storyboard */ = {
			isa = PBXVariantGroup;
			children = (
				2ACAA21522CEE24800C0FD41 /* Base */,
			);
			name = Main.storyboard;
			sourceTree = "<group>";
		};
		2ACAA21922CEE24800C0FD41 /* LaunchScreen.storyboard */ = {
			isa = PBXVariantGroup;
			children = (
				2ACAA21A22CEE24800C0FD41 /* Base */,
			);
			name = LaunchScreen.storyboard;
			sourceTree = "<group>";
		};
/* End PBXVariantGroup section */

/* Begin XCBuildConfiguration section */
		2ACAA23322CEE24800C0FD41 /* Debug */ = {
			isa = XCBuildConfiguration;
			buildSettings = {
				ALWAYS_SEARCH_USER_PATHS = NO;
				CLANG_ANALYZER_NONNULL = YES;
				CLANG_ANALYZER_NUMBER_OBJECT_CONVERSION = YES_AGGRESSIVE;
				CLANG_CXX_LANGUAGE_STANDARD = "gnu++14";
				CLANG_CXX_LIBRARY = "libc++";
				CLANG_ENABLE_MODULES = YES;
				CLANG_ENABLE_OBJC_ARC = YES;
				CLANG_ENABLE_OBJC_WEAK = YES;
				CLANG_WARN_BLOCK_CAPTURE_AUTORELEASING = YES;
				CLANG_WARN_BOOL_CONVERSION = YES;
				CLANG_WARN_COMMA = YES;
				CLANG_WARN_CONSTANT_CONVERSION = YES;
				CLANG_WARN_DEPRECATED_OBJC_IMPLEMENTATIONS = YES;
				CLANG_WARN_DIRECT_OBJC_ISA_USAGE = YES_ERROR;
				CLANG_WARN_DOCUMENTATION_COMMENTS = YES;
				CLANG_WARN_EMPTY_BODY = YES;
				CLANG_WARN_ENUM_CONVERSION = YES;
				CLANG_WARN_INFINITE_RECURSION = YES;
				CLANG_WARN_INT_CONVERSION = YES;
				CLANG_WARN_NON_LITERAL_NULL_CONVERSION = YES;
				CLANG_WARN_OBJC_IMPLICIT_RETAIN_SELF = YES;
				CLANG_WARN_OBJC_LITERAL_CONVERSION = YES;
				CLANG_WARN_OBJC_ROOT_CLASS = YES_ERROR;
				CLANG_WARN_RANGE_LOOP_ANALYSIS = YES;
				CLANG_WARN_STRICT_PROTOTYPES = YES;
				CLANG_WARN_SUSPICIOUS_MOVE = YES;
				CLANG_WARN_UNGUARDED_AVAILABILITY = YES_AGGRESSIVE;
				CLANG_WARN_UNREACHABLE_CODE = YES;
				CLANG_WARN__DUPLICATE_METHOD_MATCH = YES;
				CODE_SIGN_IDENTITY = "iPhone Developer";
				COPY_PHASE_STRIP = NO;
				DEBUG_INFORMATION_FORMAT = dwarf;
				ENABLE_STRICT_OBJC_MSGSEND = YES;
				ENABLE_TESTABILITY = YES;
				GCC_C_LANGUAGE_STANDARD = gnu11;
				GCC_DYNAMIC_NO_PIC = NO;
				GCC_NO_COMMON_BLOCKS = YES;
				GCC_OPTIMIZATION_LEVEL = 0;
				GCC_PREPROCESSOR_DEFINITIONS = (
					"DEBUG=1",
					"$(inherited)",
				);
				GCC_WARN_64_TO_32_BIT_CONVERSION = YES;
				GCC_WARN_ABOUT_RETURN_TYPE = YES_ERROR;
				GCC_WARN_UNDECLARED_SELECTOR = YES;
				GCC_WARN_UNINITIALIZED_AUTOS = YES_AGGRESSIVE;
				GCC_WARN_UNUSED_FUNCTION = YES;
				GCC_WARN_UNUSED_VARIABLE = YES;
				IPHONEOS_DEPLOYMENT_TARGET = 12.2;
				MTL_ENABLE_DEBUG_INFO = INCLUDE_SOURCE;
				MTL_FAST_MATH = YES;
				ONLY_ACTIVE_ARCH = YES;
				SDKROOT = iphoneos;
				SWIFT_ACTIVE_COMPILATION_CONDITIONS = DEBUG;
				SWIFT_OPTIMIZATION_LEVEL = "-Onone";
			};
			name = Debug;
		};
		2ACAA23422CEE24800C0FD41 /* Release */ = {
			isa = XCBuildConfiguration;
			buildSettings = {
				ALWAYS_SEARCH_USER_PATHS = NO;
				CLANG_ANALYZER_NONNULL = YES;
				CLANG_ANALYZER_NUMBER_OBJECT_CONVERSION = YES_AGGRESSIVE;
				CLANG_CXX_LANGUAGE_STANDARD = "gnu++14";
				CLANG_CXX_LIBRARY = "libc++";
				CLANG_ENABLE_MODULES = YES;
				CLANG_ENABLE_OBJC_ARC = YES;
				CLANG_ENABLE_OBJC_WEAK = YES;
				CLANG_WARN_BLOCK_CAPTURE_AUTORELEASING = YES;
				CLANG_WARN_BOOL_CONVERSION = YES;
				CLANG_WARN_COMMA = YES;
				CLANG_WARN_CONSTANT_CONVERSION = YES;
				CLANG_WARN_DEPRECATED_OBJC_IMPLEMENTATIONS = YES;
				CLANG_WARN_DIRECT_OBJC_ISA_USAGE = YES_ERROR;
				CLANG_WARN_DOCUMENTATION_COMMENTS = YES;
				CLANG_WARN_EMPTY_BODY = YES;
				CLANG_WARN_ENUM_CONVERSION = YES;
				CLANG_WARN_INFINITE_RECURSION = YES;
				CLANG_WARN_INT_CONVERSION = YES;
				CLANG_WARN_NON_LITERAL_NULL_CONVERSION = YES;
				CLANG_WARN_OBJC_IMPLICIT_RETAIN_SELF = YES;
				CLANG_WARN_OBJC_LITERAL_CONVERSION = YES;
				CLANG_WARN_OBJC_ROOT_CLASS = YES_ERROR;
				CLANG_WARN_RANGE_LOOP_ANALYSIS = YES;
				CLANG_WARN_STRICT_PROTOTYPES = YES;
				CLANG_WARN_SUSPICIOUS_MOVE = YES;
				CLANG_WARN_UNGUARDED_AVAILABILITY = YES_AGGRESSIVE;
				CLANG_WARN_UNREACHABLE_CODE = YES;
				CLANG_WARN__DUPLICATE_METHOD_MATCH = YES;
				CODE_SIGN_IDENTITY = "iPhone Developer";
				COPY_PHASE_STRIP = NO;
				DEBUG_INFORMATION_FORMAT = "dwarf-with-dsym";
				ENABLE_NS_ASSERTIONS = NO;
				ENABLE_STRICT_OBJC_MSGSEND = YES;
				GCC_C_LANGUAGE_STANDARD = gnu11;
				GCC_NO_COMMON_BLOCKS = YES;
				GCC_WARN_64_TO_32_BIT_CONVERSION = YES;
				GCC_WARN_ABOUT_RETURN_TYPE = YES_ERROR;
				GCC_WARN_UNDECLARED_SELECTOR = YES;
				GCC_WARN_UNINITIALIZED_AUTOS = YES_AGGRESSIVE;
				GCC_WARN_UNUSED_FUNCTION = YES;
				GCC_WARN_UNUSED_VARIABLE = YES;
				IPHONEOS_DEPLOYMENT_TARGET = 12.2;
				MTL_ENABLE_DEBUG_INFO = NO;
				MTL_FAST_MATH = YES;
				SDKROOT = iphoneos;
				SWIFT_COMPILATION_MODE = wholemodule;
				SWIFT_OPTIMIZATION_LEVEL = "-O";
				VALIDATE_PRODUCT = YES;
			};
			name = Release;
		};
		2ACAA23622CEE24800C0FD41 /* Debug */ = {
			isa = XCBuildConfiguration;
			buildSettings = {
				ASSETCATALOG_COMPILER_APPICON_NAME = AppIcon;
				CODE_SIGN_STYLE = Automatic;
				INFOPLIST_FILE = ImageView/Info.plist;
				LD_RUNPATH_SEARCH_PATHS = (
					"$(inherited)",
					"@executable_path/Frameworks",
				);
				PRODUCT_BUNDLE_IDENTIFIER = com.example.ImageView;
				PRODUCT_NAME = "$(TARGET_NAME)";
				SWIFT_VERSION = 5.0;
				TARGETED_DEVICE_FAMILY = "1,2";
			};
			name = Debug;
		};
		2ACAA23722CEE24800C0FD41 /* Release */ = {
			isa = XCBuildConfiguration;
			buildSettings = {
				ASSETCATALOG_COMPILER_APPICON_NAME = AppIcon;
				CODE_SIGN_STYLE = Automatic;
				INFOPLIST_FILE = ImageView/Info.plist;
				LD_RUNPATH_SEARCH_PATHS = (
					"$(inherited)",
					"@executable_path/Frameworks",
				);
				PRODUCT_BUNDLE_IDENTIFIER = com.example.ImageView;
				PRODUCT_NAME = "$(TARGET_NAME)";
				SWIFT_VERSION = 5.0;
				TARGETED_DEVICE_FAMILY = "1,2";
			};
			name = Release;
		};
		2ACAA23922CEE24800C0FD41 /* Debug */ = {
			isa = XCBuildConfiguration;
			buildSettings = {
				ALWAYS_EMBED_SWIFT_STANDARD_LIBRARIES = YES;
				BUNDLE_LOADER = "$(TEST_HOST)";
				CODE_SIGN_STYLE = Automatic;
				INFOPLIST_FILE = ImageViewTests/Info.plist;
				LD_RUNPATH_SEARCH_PATHS = (
					"$(inherited)",
					"@executable_path/Frameworks",
					"@loader_path/Frameworks",
				);
				PRODUCT_BUNDLE_IDENTIFIER = com.example.ImageViewTests;
				PRODUCT_NAME = "$(TARGET_NAME)";
				SWIFT_VERSION = 5.0;
				TARGETED_DEVICE_FAMILY = "1,2";
				TEST_HOST = "$(BUILT_PRODUCTS_DIR)/ImageView.app/ImageView";
			};
			name = Debug;
		};
		2ACAA23A22CEE24800C0FD41 /* Release */ = {
			isa = XCBuildConfiguration;
			buildSettings = {
				ALWAYS_EMBED_SWIFT_STANDARD_LIBRARIES = YES;
				BUNDLE_LOADER = "$(TEST_HOST)";
				CODE_SIGN_STYLE = Automatic;
				INFOPLIST_FILE = ImageViewTests/Info.plist;
				LD_RUNPATH_SEARCH_PATHS = (
					"$(inherited)",
					"@executable_path/Frameworks",
					"@loader_path/Frameworks",
				);
				PRODUCT_BUNDLE_IDENTIFIER = com.example.ImageViewTests;
				PRODUCT_NAME = "$(TARGET_NAME)";
				SWIFT_VERSION = 5.0;
				TARGETED_DEVICE_FAMILY = "1,2";
				TEST_HOST = "$(BUILT_PRODUCTS_DIR)/ImageView.app/ImageView";
			};
			name = Release;
		};
		2ACAA23C22CEE24800C0FD41 /* Debug */ = {
			isa = XCBuildConfiguration;
			buildSettings = {
				ALWAYS_EMBED_SWIFT_STANDARD_LIBRARIES = YES;
				CODE_SIGN_STYLE = Automatic;
				INFOPLIST_FILE = ImageViewUITests/Info.plist;
				LD_RUNPATH_SEARCH_PATHS = (
					"$(inherited)",
					"@executable_path/Frameworks",
					"@loader_path/Frameworks",
				);
				PRODUCT_BUNDLE_IDENTIFIER = com.example.ImageViewUITests;
				PRODUCT_NAME = "$(TARGET_NAME)";
				SWIFT_VERSION = 5.0;
				TARGETED_DEVICE_FAMILY = "1,2";
				TEST_TARGET_NAME = ImageView;
			};
			name = Debug;
		};
		2ACAA23D22CEE24800C0FD41 /* Release */ = {
			isa = XCBuildConfiguration;
			buildSettings = {
				ALWAYS_EMBED_SWIFT_STANDARD_LIBRARIES = YES;
				CODE_SIGN_STYLE = Automatic;
				INFOPLIST_FILE = ImageViewUITests/Info.plist;
				LD_RUNPATH_SEARCH_PATHS = (
					"$(inherited)",
					"@executable_path/Frameworks",
					"@loader_path/Frameworks",
				);
				PRODUCT_BUNDLE_IDENTIFIER = com.example.ImageViewUITests;
				PRODUCT_NAME = "$(TARGET_NAME)";
				SWIFT_VERSION = 5.0;
				TARGETED_DEVICE_FAMILY = "1,2";
				TEST_TARGET_NAME = ImageView;
			};
			name = Release;
		};
/* End XCBuildConfiguration section */

/* Begin XCConfigurationList section */
		2ACAA20822CEE24800C0FD41 /* Build configuration list for PBXProject "ImageView" */ = {
			isa = XCConfigurationList;
			buildConfigurations = (
				2ACAA23322CEE24800C0FD41 /* Debug */,
				2ACAA23422CEE24800C0FD41 /* Release */,
			);
			defaultConfigurationIsVisible = 0;
			defaultConfigurationName = Release;
		};
		2ACAA23522CEE24800C0FD41 /* Build configuration list for PBXNativeTarget "ImageView" */ = {
			isa = XCConfigurationList;
			buildConfigurations = (
				2ACAA23622CEE24800C0FD41 /* Debug */,
				2ACAA23722CEE24800C0FD41 /* Release */,
			);
			defaultConfigurationIsVisible = 0;
			defaultConfigurationName = Release;
		};
		2ACAA23822CEE24800C0FD41 /* Build configuration list for PBXNativeTarget "ImageViewTests" */ = {
			isa = XCConfigurationList;
			buildConfigurations = (
				2ACAA23922CEE24800C0FD41 /* Debug */,
				2ACAA23A22CEE24800C0FD41 /* Release */,
			);
			defaultConfigurationIsVisible = 0;
			defaultConfigurationName = Release;
		};
		2ACAA23B22CEE24800C0FD41 /* Build configuration list for PBXNativeTarget "ImageViewUITests" */ = {
			isa = XCConfigurationList;
			buildConfigurations = (
				2ACAA23C22CEE24800C0FD41 /* Debug */,
				2ACAA23D22CEE24800C0FD41 /* Release */,
			);
			defaultConfigurationIsVisible = 0;
			defaultConfigurationName = Release;
		};
/* End XCConfigurationList section */
	};
	rootObject = 2ACAA20522CEE24800C0FD41 /* Project object */;
}
