// !$*UTF8*$!
{
	archiveVersion = 1;
	classes = {
	};
	objectVersion = 50;
	objects = {

/* Begin PBXBuildFile section */
		2AA7980323AB39150054DB4B /* AppDelegate.swift in Sources */ = {isa = PBXBuildFile; fileRef = 2AA7980223AB39150054DB4B /* AppDelegate.swift */; };
		2AA7980523AB39150054DB4B /* SceneDelegate.swift in Sources */ = {isa = PBXBuildFile; fileRef = 2AA7980423AB39150054DB4B /* SceneDelegate.swift */; };
		2AA7980A23AB39150054DB4B /* Main.storyboard in Resources */ = {isa = PBXBuildFile; fileRef = 2AA7980823AB39150054DB4B /* Main.storyboard */; };
		2AA7980C23AB39160054DB4B /* Assets.xcassets in Resources */ = {isa = PBXBuildFile; fileRef = 2AA7980B23AB39160054DB4B /* Assets.xcassets */; };
		2AA7980F23AB39160054DB4B /* LaunchScreen.storyboard in Resources */ = {isa = PBXBuildFile; fileRef = 2AA7980D23AB39160054DB4B /* LaunchScreen.storyboard */; };
		2AA7981723AB3DD40054DB4B /* TableViewController.swift in Sources */ = {isa = PBXBuildFile; fileRef = 2AA7981623AB3DD40054DB4B /* TableViewController.swift */; };
		2AA7981923AB3E000054DB4B /* AddViewController.swift in Sources */ = {isa = PBXBuildFile; fileRef = 2AA7981823AB3E000054DB4B /* AddViewController.swift */; };
		2AA7981B23AB3E120054DB4B /* DetailViewController.swift in Sources */ = {isa = PBXBuildFile; fileRef = 2AA7981A23AB3E120054DB4B /* DetailViewController.swift */; };
		2AA7981F23AB3F060054DB4B /* cart.png in Resources */ = {isa = PBXBuildFile; fileRef = 2AA7981C23AB3F060054DB4B /* cart.png */; };
		2AA7982023AB3F060054DB4B /* pencil.png in Resources */ = {isa = PBXBuildFile; fileRef = 2AA7981D23AB3F060054DB4B /* pencil.png */; };
		2AA7982123AB3F060054DB4B /* clock.png in Resources */ = {isa = PBXBuildFile; fileRef = 2AA7981E23AB3F060054DB4B /* clock.png */; };
/* End PBXBuildFile section */

/* Begin PBXFileReference section */
		2AA797FF23AB39150054DB4B /* Table.app */ = {isa = PBXFileReference; explicitFileType = wrapper.application; includeInIndex = 0; path = Table.app; sourceTree = BUILT_PRODUCTS_DIR; };
		2AA7980223AB39150054DB4B /* AppDelegate.swift */ = {isa = PBXFileReference; lastKnownFileType = sourcecode.swift; path = AppDelegate.swift; sourceTree = "<group>"; };
		2AA7980423AB39150054DB4B /* SceneDelegate.swift */ = {isa = PBXFileReference; lastKnownFileType = sourcecode.swift; path = SceneDelegate.swift; sourceTree = "<group>"; };
		2AA7980923AB39150054DB4B /* Base */ = {isa = PBXFileReference; lastKnownFileType = file.storyboard; name = Base; path = Base.lproj/Main.storyboard; sourceTree = "<group>"; };
		2AA7980B23AB39160054DB4B /* Assets.xcassets */ = {isa = PBXFileReference; lastKnownFileType = folder.assetcatalog; path = Assets.xcassets; sourceTree = "<group>"; };
		2AA7980E23AB39160054DB4B /* Base */ = {isa = PBXFileReference; lastKnownFileType = file.storyboard; name = Base; path = Base.lproj/LaunchScreen.storyboard; sourceTree = "<group>"; };
		2AA7981023AB39160054DB4B /* Info.plist */ = {isa = PBXFileReference; lastKnownFileType = text.plist.xml; path = Info.plist; sourceTree = "<group>"; };
		2AA7981623AB3DD40054DB4B /* TableViewController.swift */ = {isa = PBXFileReference; lastKnownFileType = sourcecode.swift; path = TableViewController.swift; sourceTree = "<group>"; };
		2AA7981823AB3E000054DB4B /* AddViewController.swift */ = {isa = PBXFileReference; lastKnownFileType = sourcecode.swift; path = AddViewController.swift; sourceTree = "<group>"; };
		2AA7981A23AB3E120054DB4B /* DetailViewController.swift */ = {isa = PBXFileReference; lastKnownFileType = sourcecode.swift; path = DetailViewController.swift; sourceTree = "<group>"; };
		2AA7981C23AB3F060054DB4B /* cart.png */ = {isa = PBXFileReference; lastKnownFileType = image.png; path = cart.png; sourceTree = "<group>"; };
		2AA7981D23AB3F060054DB4B /* pencil.png */ = {isa = PBXFileReference; lastKnownFileType = image.png; path = pencil.png; sourceTree = "<group>"; };
		2AA7981E23AB3F060054DB4B /* clock.png */ = {isa = PBXFileReference; lastKnownFileType = image.png; path = clock.png; sourceTree = "<group>"; };
/* End PBXFileReference section */

/* Begin PBXFrameworksBuildPhase section */
		2AA797FC23AB39150054DB4B /* Frameworks */ = {
			isa = PBXFrameworksBuildPhase;
			buildActionMask = 2147483647;
			files = (
			);
			runOnlyForDeploymentPostprocessing = 0;
		};
/* End PBXFrameworksBuildPhase section */

/* Begin PBXGroup section */
		2AA797F623AB39150054DB4B = {
			isa = PBXGroup;
			children = (
				2AA7980123AB39150054DB4B /* Table */,
				2AA7980023AB39150054DB4B /* Products */,
			);
			sourceTree = "<group>";
		};
		2AA7980023AB39150054DB4B /* Products */ = {
			isa = PBXGroup;
			children = (
				2AA797FF23AB39150054DB4B /* Table.app */,
			);
			name = Products;
			sourceTree = "<group>";
		};
		2AA7980123AB39150054DB4B /* Table */ = {
			isa = PBXGroup;
			children = (
				2AA7981C23AB3F060054DB4B /* cart.png */,
				2AA7981E23AB3F060054DB4B /* clock.png */,
				2AA7981D23AB3F060054DB4B /* pencil.png */,
				2AA7980223AB39150054DB4B /* AppDelegate.swift */,
				2AA7981823AB3E000054DB4B /* AddViewController.swift */,
				2AA7980423AB39150054DB4B /* SceneDelegate.swift */,
				2AA7980823AB39150054DB4B /* Main.storyboard */,
				2AA7980B23AB39160054DB4B /* Assets.xcassets */,
				2AA7980D23AB39160054DB4B /* LaunchScreen.storyboard */,
				2AA7981023AB39160054DB4B /* Info.plist */,
				2AA7981623AB3DD40054DB4B /* TableViewController.swift */,
				2AA7981A23AB3E120054DB4B /* DetailViewController.swift */,
			);
			path = Table;
			sourceTree = "<group>";
		};
/* End PBXGroup section */

/* Begin PBXNativeTarget section */
		2AA797FE23AB39150054DB4B /* Table */ = {
			isa = PBXNativeTarget;
			buildConfigurationList = 2AA7981323AB39160054DB4B /* Build configuration list for PBXNativeTarget "Table" */;
			buildPhases = (
				2AA797FB23AB39150054DB4B /* Sources */,
				2AA797FC23AB39150054DB4B /* Frameworks */,
				2AA797FD23AB39150054DB4B /* Resources */,
			);
			buildRules = (
			);
			dependencies = (
			);
			name = Table;
			productName = Table;
			productReference = 2AA797FF23AB39150054DB4B /* Table.app */;
			productType = "com.apple.product-type.application";
		};
/* End PBXNativeTarget section */

/* Begin PBXProject section */
		2AA797F723AB39150054DB4B /* Project object */ = {
			isa = PBXProject;
			attributes = {
				LastSwiftUpdateCheck = 1110;
				LastUpgradeCheck = 1110;
				ORGANIZATIONNAME = coooldoggy;
				TargetAttributes = {
					2AA797FE23AB39150054DB4B = {
						CreatedOnToolsVersion = 11.1;
					};
				};
			};
			buildConfigurationList = 2AA797FA23AB39150054DB4B /* Build configuration list for PBXProject "Table" */;
			compatibilityVersion = "Xcode 9.3";
			developmentRegion = en;
			hasScannedForEncodings = 0;
			knownRegions = (
				en,
				Base,
			);
			mainGroup = 2AA797F623AB39150054DB4B;
			productRefGroup = 2AA7980023AB39150054DB4B /* Products */;
			projectDirPath = "";
			projectRoot = "";
			targets = (
				2AA797FE23AB39150054DB4B /* Table */,
			);
		};
/* End PBXProject section */

/* Begin PBXResourcesBuildPhase section */
		2AA797FD23AB39150054DB4B /* Resources */ = {
			isa = PBXResourcesBuildPhase;
			buildActionMask = 2147483647;
			files = (
				2AA7982123AB3F060054DB4B /* clock.png in Resources */,
				2AA7982023AB3F060054DB4B /* pencil.png in Resources */,
				2AA7980F23AB39160054DB4B /* LaunchScreen.storyboard in Resources */,
				2AA7981F23AB3F060054DB4B /* cart.png in Resources */,
				2AA7980C23AB39160054DB4B /* Assets.xcassets in Resources */,
				2AA7980A23AB39150054DB4B /* Main.storyboard in Resources */,
			);
			runOnlyForDeploymentPostprocessing = 0;
		};
/* End PBXResourcesBuildPhase section */

/* Begin PBXSourcesBuildPhase section */
		2AA797FB23AB39150054DB4B /* Sources */ = {
			isa = PBXSourcesBuildPhase;
			buildActionMask = 2147483647;
			files = (
				2AA7980323AB39150054DB4B /* AppDelegate.swift in Sources */,
				2AA7981723AB3DD40054DB4B /* TableViewController.swift in Sources */,
				2AA7981B23AB3E120054DB4B /* DetailViewController.swift in Sources */,
				2AA7981923AB3E000054DB4B /* AddViewController.swift in Sources */,
				2AA7980523AB39150054DB4B /* SceneDelegate.swift in Sources */,
			);
			runOnlyForDeploymentPostprocessing = 0;
		};
/* End PBXSourcesBuildPhase section */

/* Begin PBXVariantGroup section */
		2AA7980823AB39150054DB4B /* Main.storyboard */ = {
			isa = PBXVariantGroup;
			children = (
				2AA7980923AB39150054DB4B /* Base */,
			);
			name = Main.storyboard;
			sourceTree = "<group>";
		};
		2AA7980D23AB39160054DB4B /* LaunchScreen.storyboard */ = {
			isa = PBXVariantGroup;
			children = (
				2AA7980E23AB39160054DB4B /* Base */,
			);
			name = LaunchScreen.storyboard;
			sourceTree = "<group>";
		};
/* End PBXVariantGroup section */

/* Begin XCBuildConfiguration section */
		2AA7981123AB39160054DB4B /* Debug */ = {
			isa = XCBuildConfiguration;
			buildSettings = {
				ALWAYS_SEARCH_USER_PATHS = NO;
				CLANG_ANALYZER_NONNULL = YES;
				CLANG_ANALYZER_NUMBER_OBJECT_CONVERSION = YES_AGGRESSIVE;
				CLANG_CXX_LANGUAGE_STANDARD = "gnu++14";
				CLANG_CXX_LIBRARY = "libc++";
				CLANG_ENABLE_MODULES = YES;
				CLANG_ENABLE_OBJC_ARC = YES;
				CLANG_ENABLE_OBJC_WEAK = YES;
				CLANG_WARN_BLOCK_CAPTURE_AUTORELEASING = YES;
				CLANG_WARN_BOOL_CONVERSION = YES;
				CLANG_WARN_COMMA = YES;
				CLANG_WARN_CONSTANT_CONVERSION = YES;
				CLANG_WARN_DEPRECATED_OBJC_IMPLEMENTATIONS = YES;
				CLANG_WARN_DIRECT_OBJC_ISA_USAGE = YES_ERROR;
				CLANG_WARN_DOCUMENTATION_COMMENTS = YES;
				CLANG_WARN_EMPTY_BODY = YES;
				CLANG_WARN_ENUM_CONVERSION = YES;
				CLANG_WARN_INFINITE_RECURSION = YES;
				CLANG_WARN_INT_CONVERSION = YES;
				CLANG_WARN_NON_LITERAL_NULL_CONVERSION = YES;
				CLANG_WARN_OBJC_IMPLICIT_RETAIN_SELF = YES;
				CLANG_WARN_OBJC_LITERAL_CONVERSION = YES;
				CLANG_WARN_OBJC_ROOT_CLASS = YES_ERROR;
				CLANG_WARN_RANGE_LOOP_ANALYSIS = YES;
				CLANG_WARN_STRICT_PROTOTYPES = YES;
				CLANG_WARN_SUSPICIOUS_MOVE = YES;
				CLANG_WARN_UNGUARDED_AVAILABILITY = YES_AGGRESSIVE;
				CLANG_WARN_UNREACHABLE_CODE = YES;
				CLANG_WARN__DUPLICATE_METHOD_MATCH = YES;
				COPY_PHASE_STRIP = NO;
				DEBUG_INFORMATION_FORMAT = dwarf;
				ENABLE_STRICT_OBJC_MSGSEND = YES;
				ENABLE_TESTABILITY = YES;
				GCC_C_LANGUAGE_STANDARD = gnu11;
				GCC_DYNAMIC_NO_PIC = NO;
				GCC_NO_COMMON_BLOCKS = YES;
				GCC_OPTIMIZATION_LEVEL = 0;
				GCC_PREPROCESSOR_DEFINITIONS = (
					"DEBUG=1",
					"$(inherited)",
				);
				GCC_WARN_64_TO_32_BIT_CONVERSION = YES;
				GCC_WARN_ABOUT_RETURN_TYPE = YES_ERROR;
				GCC_WARN_UNDECLARED_SELECTOR = YES;
				GCC_WARN_UNINITIALIZED_AUTOS = YES_AGGRESSIVE;
				GCC_WARN_UNUSED_FUNCTION = YES;
				GCC_WARN_UNUSED_VARIABLE = YES;
				IPHONEOS_DEPLOYMENT_TARGET = 13.1;
				MTL_ENABLE_DEBUG_INFO = INCLUDE_SOURCE;
				MTL_FAST_MATH = YES;
				ONLY_ACTIVE_ARCH = YES;
				SDKROOT = iphoneos;
				SWIFT_ACTIVE_COMPILATION_CONDITIONS = DEBUG;
				SWIFT_OPTIMIZATION_LEVEL = "-Onone";
			};
			name = Debug;
		};
		2AA7981223AB39160054DB4B /* Release */ = {
			isa = XCBuildConfiguration;
			buildSettings = {
				ALWAYS_SEARCH_USER_PATHS = NO;
				CLANG_ANALYZER_NONNULL = YES;
				CLANG_ANALYZER_NUMBER_OBJECT_CONVERSION = YES_AGGRESSIVE;
				CLANG_CXX_LANGUAGE_STANDARD = "gnu++14";
				CLANG_CXX_LIBRARY = "libc++";
				CLANG_ENABLE_MODULES = YES;
				CLANG_ENABLE_OBJC_ARC = YES;
				CLANG_ENABLE_OBJC_WEAK = YES;
				CLANG_WARN_BLOCK_CAPTURE_AUTORELEASING = YES;
				CLANG_WARN_BOOL_CONVERSION = YES;
				CLANG_WARN_COMMA = YES;
				CLANG_WARN_CONSTANT_CONVERSION = YES;
				CLANG_WARN_DEPRECATED_OBJC_IMPLEMENTATIONS = YES;
				CLANG_WARN_DIRECT_OBJC_ISA_USAGE = YES_ERROR;
				CLANG_WARN_DOCUMENTATION_COMMENTS = YES;
				CLANG_WARN_EMPTY_BODY = YES;
				CLANG_WARN_ENUM_CONVERSION = YES;
				CLANG_WARN_INFINITE_RECURSION = YES;
				CLANG_WARN_INT_CONVERSION = YES;
				CLANG_WARN_NON_LITERAL_NULL_CONVERSION = YES;
				CLANG_WARN_OBJC_IMPLICIT_RETAIN_SELF = YES;
				CLANG_WARN_OBJC_LITERAL_CONVERSION = YES;
				CLANG_WARN_OBJC_ROOT_CLASS = YES_ERROR;
				CLANG_WARN_RANGE_LOOP_ANALYSIS = YES;
				CLANG_WARN_STRICT_PROTOTYPES = YES;
				CLANG_WARN_SUSPICIOUS_MOVE = YES;
				CLANG_WARN_UNGUARDED_AVAILABILITY = YES_AGGRESSIVE;
				CLANG_WARN_UNREACHABLE_CODE = YES;
				CLANG_WARN__DUPLICATE_METHOD_MATCH = YES;
				COPY_PHASE_STRIP = NO;
				DEBUG_INFORMATION_FORMAT = "dwarf-with-dsym";
				ENABLE_NS_ASSERTIONS = NO;
				ENABLE_STRICT_OBJC_MSGSEND = YES;
				GCC_C_LANGUAGE_STANDARD = gnu11;
				GCC_NO_COMMON_BLOCKS = YES;
				GCC_WARN_64_TO_32_BIT_CONVERSION = YES;
				GCC_WARN_ABOUT_RETURN_TYPE = YES_ERROR;
				GCC_WARN_UNDECLARED_SELECTOR = YES;
				GCC_WARN_UNINITIALIZED_AUTOS = YES_AGGRESSIVE;
				GCC_WARN_UNUSED_FUNCTION = YES;
				GCC_WARN_UNUSED_VARIABLE = YES;
				IPHONEOS_DEPLOYMENT_TARGET = 13.1;
				MTL_ENABLE_DEBUG_INFO = NO;
				MTL_FAST_MATH = YES;
				SDKROOT = iphoneos;
				SWIFT_COMPILATION_MODE = wholemodule;
				SWIFT_OPTIMIZATION_LEVEL = "-O";
				VALIDATE_PRODUCT = YES;
			};
			name = Release;
		};
		2AA7981423AB39160054DB4B /* Debug */ = {
			isa = XCBuildConfiguration;
			buildSettings = {
				ASSETCATALOG_COMPILER_APPICON_NAME = AppIcon;
				CODE_SIGN_STYLE = Automatic;
				INFOPLIST_FILE = Table/Info.plist;
				LD_RUNPATH_SEARCH_PATHS = (
					"$(inherited)",
					"@executable_path/Frameworks",
				);
				PRODUCT_BUNDLE_IDENTIFIER = com.example.Table;
				PRODUCT_NAME = "$(TARGET_NAME)";
				SWIFT_VERSION = 5.0;
				TARGETED_DEVICE_FAMILY = "1,2";
			};
			name = Debug;
		};
		2AA7981523AB39160054DB4B /* Release */ = {
			isa = XCBuildConfiguration;
			buildSettings = {
				ASSETCATALOG_COMPILER_APPICON_NAME = AppIcon;
				CODE_SIGN_STYLE = Automatic;
				INFOPLIST_FILE = Table/Info.plist;
				LD_RUNPATH_SEARCH_PATHS = (
					"$(inherited)",
					"@executable_path/Frameworks",
				);
				PRODUCT_BUNDLE_IDENTIFIER = com.example.Table;
				PRODUCT_NAME = "$(TARGET_NAME)";
				SWIFT_VERSION = 5.0;
				TARGETED_DEVICE_FAMILY = "1,2";
			};
			name = Release;
		};
/* End XCBuildConfiguration section */

/* Begin XCConfigurationList section */
		2AA797FA23AB39150054DB4B /* Build configuration list for PBXProject "Table" */ = {
			isa = XCConfigurationList;
			buildConfigurations = (
				2AA7981123AB39160054DB4B /* Debug */,
				2AA7981223AB39160054DB4B /* Release */,
			);
			defaultConfigurationIsVisible = 0;
			defaultConfigurationName = Release;
		};
		2AA7981323AB39160054DB4B /* Build configuration list for PBXNativeTarget "Table" */ = {
			isa = XCConfigurationList;
			buildConfigurations = (
				2AA7981423AB39160054DB4B /* Debug */,
				2AA7981523AB39160054DB4B /* Release */,
			);
			defaultConfigurationIsVisible = 0;
			defaultConfigurationName = Release;
		};
/* End XCConfigurationList section */
	};
	rootObject = 2AA797F723AB39150054DB4B /* Project object */;
}
